// !$*UTF8*$!
{
	archiveVersion = 1;
	classes = {
	};
	objectVersion = 50;
	objects = {

/* Begin PBXBuildFile section */
		ACD5C53B2358796000CC9490 /* AppDelegate.swift in Sources */ = {isa = PBXBuildFile; fileRef = ACD5C53A2358796000CC9490 /* AppDelegate.swift */; };
		ACD5C53D2358796000CC9490 /* SceneDelegate.swift in Sources */ = {isa = PBXBuildFile; fileRef = ACD5C53C2358796000CC9490 /* SceneDelegate.swift */; };
		ACD5C53F2358796000CC9490 /* ContentView.swift in Sources */ = {isa = PBXBuildFile; fileRef = ACD5C53E2358796000CC9490 /* ContentView.swift */; };
		ACD5C5412358796400CC9490 /* Assets.xcassets in Resources */ = {isa = PBXBuildFile; fileRef = ACD5C5402358796400CC9490 /* Assets.xcassets */; };
		ACD5C5442358796400CC9490 /* Preview Assets.xcassets in Resources */ = {isa = PBXBuildFile; fileRef = ACD5C5432358796400CC9490 /* Preview Assets.xcassets */; };
		ACD5C5472358796400CC9490 /* LaunchScreen.storyboard in Resources */ = {isa = PBXBuildFile; fileRef = ACD5C5452358796400CC9490 /* LaunchScreen.storyboard */; };
		ACD5C5522358796400CC9490 /* LandmarksTests.swift in Sources */ = {isa = PBXBuildFile; fileRef = ACD5C5512358796400CC9490 /* LandmarksTests.swift */; };
		ACD5C55D2358796400CC9490 /* LandmarksUITests.swift in Sources */ = {isa = PBXBuildFile; fileRef = ACD5C55C2358796400CC9490 /* LandmarksUITests.swift */; };
		ACD5C56B235881C200CC9490 /* CircleImage.swift in Sources */ = {isa = PBXBuildFile; fileRef = ACD5C56A235881C200CC9490 /* CircleImage.swift */; };
		ACD5C56D2358835B00CC9490 /* MapView.swift in Sources */ = {isa = PBXBuildFile; fileRef = ACD5C56C2358835B00CC9490 /* MapView.swift */; };
/* End PBXBuildFile section */

/* Begin PBXContainerItemProxy section */
		ACD5C54E2358796400CC9490 /* PBXContainerItemProxy */ = {
			isa = PBXContainerItemProxy;
			containerPortal = ACD5C52F2358796000CC9490 /* Project object */;
			proxyType = 1;
			remoteGlobalIDString = ACD5C5362358796000CC9490;
			remoteInfo = Landmarks;
		};
		ACD5C5592358796400CC9490 /* PBXContainerItemProxy */ = {
			isa = PBXContainerItemProxy;
			containerPortal = ACD5C52F2358796000CC9490 /* Project object */;
			proxyType = 1;
			remoteGlobalIDString = ACD5C5362358796000CC9490;
			remoteInfo = Landmarks;
		};
/* End PBXContainerItemProxy section */

/* Begin PBXFileReference section */
		ACD5C5372358796000CC9490 /* Landmarks.app */ = {isa = PBXFileReference; explicitFileType = wrapper.application; includeInIndex = 0; path = Landmarks.app; sourceTree = BUILT_PRODUCTS_DIR; };
		ACD5C53A2358796000CC9490 /* AppDelegate.swift */ = {isa = PBXFileReference; lastKnownFileType = sourcecode.swift; path = AppDelegate.swift; sourceTree = "<group>"; };
		ACD5C53C2358796000CC9490 /* SceneDelegate.swift */ = {isa = PBXFileReference; lastKnownFileType = sourcecode.swift; path = SceneDelegate.swift; sourceTree = "<group>"; };
		ACD5C53E2358796000CC9490 /* ContentView.swift */ = {isa = PBXFileReference; lastKnownFileType = sourcecode.swift; path = ContentView.swift; sourceTree = "<group>"; };
		ACD5C5402358796400CC9490 /* Assets.xcassets */ = {isa = PBXFileReference; lastKnownFileType = folder.assetcatalog; path = Assets.xcassets; sourceTree = "<group>"; };
		ACD5C5432358796400CC9490 /* Preview Assets.xcassets */ = {isa = PBXFileReference; lastKnownFileType = folder.assetcatalog; path = "Preview Assets.xcassets"; sourceTree = "<group>"; };
		ACD5C5462358796400CC9490 /* Base */ = {isa = PBXFileReference; lastKnownFileType = file.storyboard; name = Base; path = Base.lproj/LaunchScreen.storyboard; sourceTree = "<group>"; };
		ACD5C5482358796400CC9490 /* Info.plist */ = {isa = PBXFileReference; lastKnownFileType = text.plist.xml; path = Info.plist; sourceTree = "<group>"; };
		ACD5C54D2358796400CC9490 /* LandmarksTests.xctest */ = {isa = PBXFileReference; explicitFileType = wrapper.cfbundle; includeInIndex = 0; path = LandmarksTests.xctest; sourceTree = BUILT_PRODUCTS_DIR; };
		ACD5C5512358796400CC9490 /* LandmarksTests.swift */ = {isa = PBXFileReference; lastKnownFileType = sourcecode.swift; path = LandmarksTests.swift; sourceTree = "<group>"; };
		ACD5C5532358796400CC9490 /* Info.plist */ = {isa = PBXFileReference; lastKnownFileType = text.plist.xml; path = Info.plist; sourceTree = "<group>"; };
		ACD5C5582358796400CC9490 /* LandmarksUITests.xctest */ = {isa = PBXFileReference; explicitFileType = wrapper.cfbundle; includeInIndex = 0; path = LandmarksUITests.xctest; sourceTree = BUILT_PRODUCTS_DIR; };
		ACD5C55C2358796400CC9490 /* LandmarksUITests.swift */ = {isa = PBXFileReference; lastKnownFileType = sourcecode.swift; path = LandmarksUITests.swift; sourceTree = "<group>"; };
		ACD5C55E2358796400CC9490 /* Info.plist */ = {isa = PBXFileReference; lastKnownFileType = text.plist.xml; path = Info.plist; sourceTree = "<group>"; };
		ACD5C56A235881C200CC9490 /* CircleImage.swift */ = {isa = PBXFileReference; lastKnownFileType = sourcecode.swift; path = CircleImage.swift; sourceTree = "<group>"; };
		ACD5C56C2358835B00CC9490 /* MapView.swift */ = {isa = PBXFileReference; lastKnownFileType = sourcecode.swift; path = MapView.swift; sourceTree = "<group>"; };
/* End PBXFileReference section */

/* Begin PBXFrameworksBuildPhase section */
		ACD5C5342358796000CC9490 /* Frameworks */ = {
			isa = PBXFrameworksBuildPhase;
			buildActionMask = 2147483647;
			files = (
			);
			runOnlyForDeploymentPostprocessing = 0;
		};
		ACD5C54A2358796400CC9490 /* Frameworks */ = {
			isa = PBXFrameworksBuildPhase;
			buildActionMask = 2147483647;
			files = (
			);
			runOnlyForDeploymentPostprocessing = 0;
		};
		ACD5C5552358796400CC9490 /* Frameworks */ = {
			isa = PBXFrameworksBuildPhase;
			buildActionMask = 2147483647;
			files = (
			);
			runOnlyForDeploymentPostprocessing = 0;
		};
/* End PBXFrameworksBuildPhase section */

/* Begin PBXGroup section */
		ACD5C52E2358796000CC9490 = {
			isa = PBXGroup;
			children = (
				ACD5C5392358796000CC9490 /* Landmarks */,
				ACD5C5502358796400CC9490 /* LandmarksTests */,
				ACD5C55B2358796400CC9490 /* LandmarksUITests */,
				ACD5C5382358796000CC9490 /* Products */,
			);
			sourceTree = "<group>";
		};
		ACD5C5382358796000CC9490 /* Products */ = {
			isa = PBXGroup;
			children = (
				ACD5C5372358796000CC9490 /* Landmarks.app */,
				ACD5C54D2358796400CC9490 /* LandmarksTests.xctest */,
				ACD5C5582358796400CC9490 /* LandmarksUITests.xctest */,
			);
			name = Products;
			sourceTree = "<group>";
		};
		ACD5C5392358796000CC9490 /* Landmarks */ = {
			isa = PBXGroup;
			children = (
				ACD5C53A2358796000CC9490 /* AppDelegate.swift */,
				ACD5C53C2358796000CC9490 /* SceneDelegate.swift */,
				ACD5C53E2358796000CC9490 /* ContentView.swift */,
				ACD5C5402358796400CC9490 /* Assets.xcassets */,
				ACD5C56A235881C200CC9490 /* CircleImage.swift */,
				ACD5C56C2358835B00CC9490 /* MapView.swift */,
				ACD5C5452358796400CC9490 /* LaunchScreen.storyboard */,
				ACD5C5482358796400CC9490 /* Info.plist */,
				ACD5C5422358796400CC9490 /* Preview Content */,
			);
			path = Landmarks;
			sourceTree = "<group>";
		};
		ACD5C5422358796400CC9490 /* Preview Content */ = {
			isa = PBXGroup;
			children = (
				ACD5C5432358796400CC9490 /* Preview Assets.xcassets */,
			);
			path = "Preview Content";
			sourceTree = "<group>";
		};
		ACD5C5502358796400CC9490 /* LandmarksTests */ = {
			isa = PBXGroup;
			children = (
				ACD5C5512358796400CC9490 /* LandmarksTests.swift */,
				ACD5C5532358796400CC9490 /* Info.plist */,
			);
			path = LandmarksTests;
			sourceTree = "<group>";
		};
		ACD5C55B2358796400CC9490 /* LandmarksUITests */ = {
			isa = PBXGroup;
			children = (
				ACD5C55C2358796400CC9490 /* LandmarksUITests.swift */,
				ACD5C55E2358796400CC9490 /* Info.plist */,
			);
			path = LandmarksUITests;
			sourceTree = "<group>";
		};
/* End PBXGroup section */

/* Begin PBXNativeTarget section */
		ACD5C5362358796000CC9490 /* Landmarks */ = {
			isa = PBXNativeTarget;
			buildConfigurationList = ACD5C5612358796400CC9490 /* Build configuration list for PBXNativeTarget "Landmarks" */;
			buildPhases = (
				ACD5C5332358796000CC9490 /* Sources */,
				ACD5C5342358796000CC9490 /* Frameworks */,
				ACD5C5352358796000CC9490 /* Resources */,
			);
			buildRules = (
			);
			dependencies = (
			);
			name = Landmarks;
			productName = Landmarks;
			productReference = ACD5C5372358796000CC9490 /* Landmarks.app */;
			productType = "com.apple.product-type.application";
		};
		ACD5C54C2358796400CC9490 /* LandmarksTests */ = {
			isa = PBXNativeTarget;
			buildConfigurationList = ACD5C5642358796400CC9490 /* Build configuration list for PBXNativeTarget "LandmarksTests" */;
			buildPhases = (
				ACD5C5492358796400CC9490 /* Sources */,
				ACD5C54A2358796400CC9490 /* Frameworks */,
				ACD5C54B2358796400CC9490 /* Resources */,
			);
			buildRules = (
			);
			dependencies = (
				ACD5C54F2358796400CC9490 /* PBXTargetDependency */,
			);
			name = LandmarksTests;
			productName = LandmarksTests;
			productReference = ACD5C54D2358796400CC9490 /* LandmarksTests.xctest */;
			productType = "com.apple.product-type.bundle.unit-test";
		};
		ACD5C5572358796400CC9490 /* LandmarksUITests */ = {
			isa = PBXNativeTarget;
			buildConfigurationList = ACD5C5672358796400CC9490 /* Build configuration list for PBXNativeTarget "LandmarksUITests" */;
			buildPhases = (
				ACD5C5542358796400CC9490 /* Sources */,
				ACD5C5552358796400CC9490 /* Frameworks */,
				ACD5C5562358796400CC9490 /* Resources */,
			);
			buildRules = (
			);
			dependencies = (
				ACD5C55A2358796400CC9490 /* PBXTargetDependency */,
			);
			name = LandmarksUITests;
			productName = LandmarksUITests;
			productReference = ACD5C5582358796400CC9490 /* LandmarksUITests.xctest */;
			productType = "com.apple.product-type.bundle.ui-testing";
		};
/* End PBXNativeTarget section */

/* Begin PBXProject section */
		ACD5C52F2358796000CC9490 /* Project object */ = {
			isa = PBXProject;
			attributes = {
				LastSwiftUpdateCheck = 1100;
				LastUpgradeCheck = 1100;
				ORGANIZATIONNAME = "Gloria Geise";
				TargetAttributes = {
					ACD5C5362358796000CC9490 = {
						CreatedOnToolsVersion = 11.0;
					};
					ACD5C54C2358796400CC9490 = {
						CreatedOnToolsVersion = 11.0;
						TestTargetID = ACD5C5362358796000CC9490;
					};
					ACD5C5572358796400CC9490 = {
						CreatedOnToolsVersion = 11.0;
						TestTargetID = ACD5C5362358796000CC9490;
					};
				};
			};
			buildConfigurationList = ACD5C5322358796000CC9490 /* Build configuration list for PBXProject "Landmarks" */;
			compatibilityVersion = "Xcode 9.3";
			developmentRegion = en;
			hasScannedForEncodings = 0;
			knownRegions = (
				en,
				Base,
			);
			mainGroup = ACD5C52E2358796000CC9490;
			productRefGroup = ACD5C5382358796000CC9490 /* Products */;
			projectDirPath = "";
			projectRoot = "";
			targets = (
				ACD5C5362358796000CC9490 /* Landmarks */,
				ACD5C54C2358796400CC9490 /* LandmarksTests */,
				ACD5C5572358796400CC9490 /* LandmarksUITests */,
			);
		};
/* End PBXProject section */

/* Begin PBXResourcesBuildPhase section */
		ACD5C5352358796000CC9490 /* Resources */ = {
			isa = PBXResourcesBuildPhase;
			buildActionMask = 2147483647;
			files = (
				ACD5C5472358796400CC9490 /* LaunchScreen.storyboard in Resources */,
				ACD5C5442358796400CC9490 /* Preview Assets.xcassets in Resources */,
				ACD5C5412358796400CC9490 /* Assets.xcassets in Resources */,
			);
			runOnlyForDeploymentPostprocessing = 0;
		};
		ACD5C54B2358796400CC9490 /* Resources */ = {
			isa = PBXResourcesBuildPhase;
			buildActionMask = 2147483647;
			files = (
			);
			runOnlyForDeploymentPostprocessing = 0;
		};
		ACD5C5562358796400CC9490 /* Resources */ = {
			isa = PBXResourcesBuildPhase;
			buildActionMask = 2147483647;
			files = (
			);
			runOnlyForDeploymentPostprocessing = 0;
		};
/* End PBXResourcesBuildPhase section */

/* Begin PBXSourcesBuildPhase section */
		ACD5C5332358796000CC9490 /* Sources */ = {
			isa = PBXSourcesBuildPhase;
			buildActionMask = 2147483647;
			files = (
				ACD5C53B2358796000CC9490 /* AppDelegate.swift in Sources */,
				ACD5C56B235881C200CC9490 /* CircleImage.swift in Sources */,
				ACD5C56D2358835B00CC9490 /* MapView.swift in Sources */,
				ACD5C53D2358796000CC9490 /* SceneDelegate.swift in Sources */,
				ACD5C53F2358796000CC9490 /* ContentView.swift in Sources */,
			);
			runOnlyForDeploymentPostprocessing = 0;
		};
		ACD5C5492358796400CC9490 /* Sources */ = {
			isa = PBXSourcesBuildPhase;
			buildActionMask = 2147483647;
			files = (
				ACD5C5522358796400CC9490 /* LandmarksTests.swift in Sources */,
			);
			runOnlyForDeploymentPostprocessing = 0;
		};
		ACD5C5542358796400CC9490 /* Sources */ = {
			isa = PBXSourcesBuildPhase;
			buildActionMask = 2147483647;
			files = (
				ACD5C55D2358796400CC9490 /* LandmarksUITests.swift in Sources */,
			);
			runOnlyForDeploymentPostprocessing = 0;
		};
/* End PBXSourcesBuildPhase section */

/* Begin PBXTargetDependency section */
		ACD5C54F2358796400CC9490 /* PBXTargetDependency */ = {
			isa = PBXTargetDependency;
			target = ACD5C5362358796000CC9490 /* Landmarks */;
			targetProxy = ACD5C54E2358796400CC9490 /* PBXContainerItemProxy */;
		};
		ACD5C55A2358796400CC9490 /* PBXTargetDependency */ = {
			isa = PBXTargetDependency;
			target = ACD5C5362358796000CC9490 /* Landmarks */;
			targetProxy = ACD5C5592358796400CC9490 /* PBXContainerItemProxy */;
		};
/* End PBXTargetDependency section */

/* Begin PBXVariantGroup section */
		ACD5C5452358796400CC9490 /* LaunchScreen.storyboard */ = {
			isa = PBXVariantGroup;
			children = (
				ACD5C5462358796400CC9490 /* Base */,
			);
			name = LaunchScreen.storyboard;
			sourceTree = "<group>";
		};
/* End PBXVariantGroup section */

/* Begin XCBuildConfiguration section */
		ACD5C55F2358796400CC9490 /* Debug */ = {
			isa = XCBuildConfiguration;
			buildSettings = {
				ALWAYS_SEARCH_USER_PATHS = NO;
				CLANG_ANALYZER_NONNULL = YES;
				CLANG_ANALYZER_NUMBER_OBJECT_CONVERSION = YES_AGGRESSIVE;
				CLANG_CXX_LANGUAGE_STANDARD = "gnu++14";
				CLANG_CXX_LIBRARY = "libc++";
				CLANG_ENABLE_MODULES = YES;
				CLANG_ENABLE_OBJC_ARC = YES;
				CLANG_ENABLE_OBJC_WEAK = YES;
				CLANG_WARN_BLOCK_CAPTURE_AUTORELEASING = YES;
				CLANG_WARN_BOOL_CONVERSION = YES;
				CLANG_WARN_COMMA = YES;
				CLANG_WARN_CONSTANT_CONVERSION = YES;
				CLANG_WARN_DEPRECATED_OBJC_IMPLEMENTATIONS = YES;
				CLANG_WARN_DIRECT_OBJC_ISA_USAGE = YES_ERROR;
				CLANG_WARN_DOCUMENTATION_COMMENTS = YES;
				CLANG_WARN_EMPTY_BODY = YES;
				CLANG_WARN_ENUM_CONVERSION = YES;
				CLANG_WARN_INFINITE_RECURSION = YES;
				CLANG_WARN_INT_CONVERSION = YES;
				CLANG_WARN_NON_LITERAL_NULL_CONVERSION = YES;
				CLANG_WARN_OBJC_IMPLICIT_RETAIN_SELF = YES;
				CLANG_WARN_OBJC_LITERAL_CONVERSION = YES;
				CLANG_WARN_OBJC_ROOT_CLASS = YES_ERROR;
				CLANG_WARN_RANGE_LOOP_ANALYSIS = YES;
				CLANG_WARN_STRICT_PROTOTYPES = YES;
				CLANG_WARN_SUSPICIOUS_MOVE = YES;
				CLANG_WARN_UNGUARDED_AVAILABILITY = YES_AGGRESSIVE;
				CLANG_WARN_UNREACHABLE_CODE = YES;
				CLANG_WARN__DUPLICATE_METHOD_MATCH = YES;
				COPY_PHASE_STRIP = NO;
				DEBUG_INFORMATION_FORMAT = dwarf;
				ENABLE_STRICT_OBJC_MSGSEND = YES;
				ENABLE_TESTABILITY = YES;
				GCC_C_LANGUAGE_STANDARD = gnu11;
				GCC_DYNAMIC_NO_PIC = NO;
				GCC_NO_COMMON_BLOCKS = YES;
				GCC_OPTIMIZATION_LEVEL = 0;
				GCC_PREPROCESSOR_DEFINITIONS = (
					"DEBUG=1",
					"$(inherited)",
				);
				GCC_WARN_64_TO_32_BIT_CONVERSION = YES;
				GCC_WARN_ABOUT_RETURN_TYPE = YES_ERROR;
				GCC_WARN_UNDECLARED_SELECTOR = YES;
				GCC_WARN_UNINITIALIZED_AUTOS = YES_AGGRESSIVE;
				GCC_WARN_UNUSED_FUNCTION = YES;
				GCC_WARN_UNUSED_VARIABLE = YES;
				IPHONEOS_DEPLOYMENT_TARGET = 13.0;
				MTL_ENABLE_DEBUG_INFO = INCLUDE_SOURCE;
				MTL_FAST_MATH = YES;
				ONLY_ACTIVE_ARCH = YES;
				SDKROOT = iphoneos;
				SWIFT_ACTIVE_COMPILATION_CONDITIONS = DEBUG;
				SWIFT_OPTIMIZATION_LEVEL = "-Onone";
			};
			name = Debug;
		};
		ACD5C5602358796400CC9490 /* Release */ = {
			isa = XCBuildConfiguration;
			buildSettings = {
				ALWAYS_SEARCH_USER_PATHS = NO;
				CLANG_ANALYZER_NONNULL = YES;
				CLANG_ANALYZER_NUMBER_OBJECT_CONVERSION = YES_AGGRESSIVE;
				CLANG_CXX_LANGUAGE_STANDARD = "gnu++14";
				CLANG_CXX_LIBRARY = "libc++";
				CLANG_ENABLE_MODULES = YES;
				CLANG_ENABLE_OBJC_ARC = YES;
				CLANG_ENABLE_OBJC_WEAK = YES;
				CLANG_WARN_BLOCK_CAPTURE_AUTORELEASING = YES;
				CLANG_WARN_BOOL_CONVERSION = YES;
				CLANG_WARN_COMMA = YES;
				CLANG_WARN_CONSTANT_CONVERSION = YES;
				CLANG_WARN_DEPRECATED_OBJC_IMPLEMENTATIONS = YES;
				CLANG_WARN_DIRECT_OBJC_ISA_USAGE = YES_ERROR;
				CLANG_WARN_DOCUMENTATION_COMMENTS = YES;
				CLANG_WARN_EMPTY_BODY = YES;
				CLANG_WARN_ENUM_CONVERSION = YES;
				CLANG_WARN_INFINITE_RECURSION = YES;
				CLANG_WARN_INT_CONVERSION = YES;
				CLANG_WARN_NON_LITERAL_NULL_CONVERSION = YES;
				CLANG_WARN_OBJC_IMPLICIT_RETAIN_SELF = YES;
				CLANG_WARN_OBJC_LITERAL_CONVERSION = YES;
				CLANG_WARN_OBJC_ROOT_CLASS = YES_ERROR;
				CLANG_WARN_RANGE_LOOP_ANALYSIS = YES;
				CLANG_WARN_STRICT_PROTOTYPES = YES;
				CLANG_WARN_SUSPICIOUS_MOVE = YES;
				CLANG_WARN_UNGUARDED_AVAILABILITY = YES_AGGRESSIVE;
				CLANG_WARN_UNREACHABLE_CODE = YES;
				CLANG_WARN__DUPLICATE_METHOD_MATCH = YES;
				COPY_PHASE_STRIP = NO;
				DEBUG_INFORMATION_FORMAT = "dwarf-with-dsym";
				ENABLE_NS_ASSERTIONS = NO;
				ENABLE_STRICT_OBJC_MSGSEND = YES;
				GCC_C_LANGUAGE_STANDARD = gnu11;
				GCC_NO_COMMON_BLOCKS = YES;
				GCC_WARN_64_TO_32_BIT_CONVERSION = YES;
				GCC_WARN_ABOUT_RETURN_TYPE = YES_ERROR;
				GCC_WARN_UNDECLARED_SELECTOR = YES;
				GCC_WARN_UNINITIALIZED_AUTOS = YES_AGGRESSIVE;
				GCC_WARN_UNUSED_FUNCTION = YES;
				GCC_WARN_UNUSED_VARIABLE = YES;
				IPHONEOS_DEPLOYMENT_TARGET = 13.0;
				MTL_ENABLE_DEBUG_INFO = NO;
				MTL_FAST_MATH = YES;
				SDKROOT = iphoneos;
				SWIFT_COMPILATION_MODE = wholemodule;
				SWIFT_OPTIMIZATION_LEVEL = "-O";
				VALIDATE_PRODUCT = YES;
			};
			name = Release;
		};
		ACD5C5622358796400CC9490 /* Debug */ = {
			isa = XCBuildConfiguration;
			buildSettings = {
				ASSETCATALOG_COMPILER_APPICON_NAME = AppIcon;
				CODE_SIGN_STYLE = Automatic;
				DEVELOPMENT_ASSET_PATHS = "\"Landmarks/Preview Content\"";
				ENABLE_PREVIEWS = YES;
				INFOPLIST_FILE = Landmarks/Info.plist;
				LD_RUNPATH_SEARCH_PATHS = (
					"$(inherited)",
					"@executable_path/Frameworks",
				);
				PRODUCT_BUNDLE_IDENTIFIER = com.example.Landmarks;
				PRODUCT_NAME = "$(TARGET_NAME)";
				SWIFT_VERSION = 5.0;
				TARGETED_DEVICE_FAMILY = "1,2";
			};
			name = Debug;
		};
		ACD5C5632358796400CC9490 /* Release */ = {
			isa = XCBuildConfiguration;
			buildSettings = {
				ASSETCATALOG_COMPILER_APPICON_NAME = AppIcon;
				CODE_SIGN_STYLE = Automatic;
				DEVELOPMENT_ASSET_PATHS = "\"Landmarks/Preview Content\"";
				ENABLE_PREVIEWS = YES;
				INFOPLIST_FILE = Landmarks/Info.plist;
				LD_RUNPATH_SEARCH_PATHS = (
					"$(inherited)",
					"@executable_path/Frameworks",
				);
				PRODUCT_BUNDLE_IDENTIFIER = com.example.Landmarks;
				PRODUCT_NAME = "$(TARGET_NAME)";
				SWIFT_VERSION = 5.0;
				TARGETED_DEVICE_FAMILY = "1,2";
			};
			name = Release;
		};
		ACD5C5652358796400CC9490 /* Debug */ = {
			isa = XCBuildConfiguration;
			buildSettings = {
				ALWAYS_EMBED_SWIFT_STANDARD_LIBRARIES = YES;
				BUNDLE_LOADER = "$(TEST_HOST)";
				CODE_SIGN_STYLE = Automatic;
				INFOPLIST_FILE = LandmarksTests/Info.plist;
				IPHONEOS_DEPLOYMENT_TARGET = 13.0;
				LD_RUNPATH_SEARCH_PATHS = (
					"$(inherited)",
					"@executable_path/Frameworks",
					"@loader_path/Frameworks",
				);
				PRODUCT_BUNDLE_IDENTIFIER = com.example.LandmarksTests;
				PRODUCT_NAME = "$(TARGET_NAME)";
				SWIFT_VERSION = 5.0;
				TARGETED_DEVICE_FAMILY = "1,2";
				TEST_HOST = "$(BUILT_PRODUCTS_DIR)/Landmarks.app/Landmarks";
			};
			name = Debug;
		};
		ACD5C5662358796400CC9490 /* Release */ = {
			isa = XCBuildConfiguration;
			buildSettings = {
				ALWAYS_EMBED_SWIFT_STANDARD_LIBRARIES = YES;
				BUNDLE_LOADER = "$(TEST_HOST)";
				CODE_SIGN_STYLE = Automatic;
				INFOPLIST_FILE = LandmarksTests/Info.plist;
				IPHONEOS_DEPLOYMENT_TARGET = 13.0;
				LD_RUNPATH_SEARCH_PATHS = (
					"$(inherited)",
					"@executable_path/Frameworks",
					"@loader_path/Frameworks",
				);
				PRODUCT_BUNDLE_IDENTIFIER = com.example.LandmarksTests;
				PRODUCT_NAME = "$(TARGET_NAME)";
				SWIFT_VERSION = 5.0;
				TARGETED_DEVICE_FAMILY = "1,2";
				TEST_HOST = "$(BUILT_PRODUCTS_DIR)/Landmarks.app/Landmarks";
			};
			name = Release;
		};
		ACD5C5682358796400CC9490 /* Debug */ = {
			isa = XCBuildConfiguration;
			buildSettings = {
				ALWAYS_EMBED_SWIFT_STANDARD_LIBRARIES = YES;
				CODE_SIGN_STYLE = Automatic;
				INFOPLIST_FILE = LandmarksUITests/Info.plist;
				LD_RUNPATH_SEARCH_PATHS = (
					"$(inherited)",
					"@executable_path/Frameworks",
					"@loader_path/Frameworks",
				);
				PRODUCT_BUNDLE_IDENTIFIER = com.example.LandmarksUITests;
				PRODUCT_NAME = "$(TARGET_NAME)";
				SWIFT_VERSION = 5.0;
				TARGETED_DEVICE_FAMILY = "1,2";
				TEST_TARGET_NAME = Landmarks;
			};
			name = Debug;
		};
		ACD5C5692358796400CC9490 /* Release */ = {
			isa = XCBuildConfiguration;
			buildSettings = {
				ALWAYS_EMBED_SWIFT_STANDARD_LIBRARIES = YES;
				CODE_SIGN_STYLE = Automatic;
				INFOPLIST_FILE = LandmarksUITests/Info.plist;
				LD_RUNPATH_SEARCH_PATHS = (
					"$(inherited)",
					"@executable_path/Frameworks",
					"@loader_path/Frameworks",
				);
				PRODUCT_BUNDLE_IDENTIFIER = com.example.LandmarksUITests;
				PRODUCT_NAME = "$(TARGET_NAME)";
				SWIFT_VERSION = 5.0;
				TARGETED_DEVICE_FAMILY = "1,2";
				TEST_TARGET_NAME = Landmarks;
			};
			name = Release;
		};
/* End XCBuildConfiguration section */

/* Begin XCConfigurationList section */
		ACD5C5322358796000CC9490 /* Build configuration list for PBXProject "Landmarks" */ = {
			isa = XCConfigurationList;
			buildConfigurations = (
				ACD5C55F2358796400CC9490 /* Debug */,
				ACD5C5602358796400CC9490 /* Release */,
			);
			defaultConfigurationIsVisible = 0;
			defaultConfigurationName = Release;
		};
		ACD5C5612358796400CC9490 /* Build configuration list for PBXNativeTarget "Landmarks" */ = {
			isa = XCConfigurationList;
			buildConfigurations = (
				ACD5C5622358796400CC9490 /* Debug */,
				ACD5C5632358796400CC9490 /* Release */,
			);
			defaultConfigurationIsVisible = 0;
			defaultConfigurationName = Release;
		};
		ACD5C5642358796400CC9490 /* Build configuration list for PBXNativeTarget "LandmarksTests" */ = {
			isa = XCConfigurationList;
			buildConfigurations = (
				ACD5C5652358796400CC9490 /* Debug */,
				ACD5C5662358796400CC9490 /* Release */,
			);
			defaultConfigurationIsVisible = 0;
			defaultConfigurationName = Release;
		};
		ACD5C5672358796400CC9490 /* Build configuration list for PBXNativeTarget "LandmarksUITests" */ = {
			isa = XCConfigurationList;
			buildConfigurations = (
				ACD5C5682358796400CC9490 /* Debug */,
				ACD5C5692358796400CC9490 /* Release */,
			);
			defaultConfigurationIsVisible = 0;
			defaultConfigurationName = Release;
		};
/* End XCConfigurationList section */
	};
	rootObject = ACD5C52F2358796000CC9490 /* Project object */;
}
